version = 1
requires-python = ">=3.12"

[[package]]
name = "asgiref"
version = "3.8.1"
source = { registry = "https://pypi.org/simple" }
sdist = { url = "https://files.pythonhosted.org/packages/29/38/b3395cc9ad1b56d2ddac9970bc8f4141312dbaec28bc7c218b0dfafd0f42/asgiref-3.8.1.tar.gz", hash = "sha256:c343bd80a0bec947a9860adb4c432ffa7db769836c64238fc34bdc3fec84d590", size = 35186 }
wheels = [
    { url = "https://files.pythonhosted.org/packages/39/e3/893e8757be2612e6c266d9bb58ad2e3651524b5b40cf56761e985a28b13e/asgiref-3.8.1-py3-none-any.whl", hash = "sha256:3e1e3ecc849832fe52ccf2cb6686b7a55f82bb1d6aee72a58826471390335e47", size = 23828 },
]

[[package]]
name = "click"
version = "8.1.8"
source = { registry = "https://pypi.org/simple" }
dependencies = [
    { name = "colorama", marker = "platform_system == 'Windows'" },
]
sdist = { url = "https://files.pythonhosted.org/packages/b9/2e/0090cbf739cee7d23781ad4b89a9894a41538e4fcf4c31dcdd705b78eb8b/click-8.1.8.tar.gz", hash = "sha256:ed53c9d8990d83c2a27deae68e4ee337473f6330c040a31d4225c9574d16096a", size = 226593 }
wheels = [
    { url = "https://files.pythonhosted.org/packages/7e/d4/7ebdbd03970677812aac39c869717059dbb71a4cfc033ca6e5221787892c/click-8.1.8-py3-none-any.whl", hash = "sha256:63c132bbbed01578a06712a2d1f497bb62d9c1c0d329b7903a866228027263b2", size = 98188 },
]

[[package]]
name = "colorama"
version = "0.4.6"
source = { registry = "https://pypi.org/simple" }
sdist = { url = "https://files.pythonhosted.org/packages/d8/53/6f443c9a4a8358a93a6792e2acffb9d9d5cb0a5cfd8802644b7b1c9a02e4/colorama-0.4.6.tar.gz", hash = "sha256:08695f5cb7ed6e0531a20572697297273c47b8cae5a63ffc6d6ed5c201be6e44", size = 27697 }
wheels = [
    { url = "https://files.pythonhosted.org/packages/d1/d6/3965ed04c63042e047cb6a3e6ed1a63a35087b6a609aa3a15ed8ac56c221/colorama-0.4.6-py2.py3-none-any.whl", hash = "sha256:4f1d9991f5acc0ca119f9d443620b77f9d6b33703e51011c16baf57afb285fc6", size = 25335 },
]

[[package]]
name = "cpdp3"
version = "0.1.0"
source = { editable = "." }
dependencies = [
    { name = "django" },
    { name = "django-environ" },
    { name = "granian" },
    { name = "psycopg2-binary" },
]

[package.metadata]
requires-dist = [
    { name = "django", specifier = "==5.1.6" },
    { name = "django-environ", specifier = "==0.12.0" },
    { name = "granian", specifier = "==2.0.1" },
    { name = "psycopg2-binary", specifier = "==2.9.10" },
]

[[package]]
name = "django"
version = "5.1.6"
source = { registry = "https://pypi.org/simple" }
dependencies = [
    { name = "asgiref" },
    { name = "sqlparse" },
    { name = "tzdata", marker = "sys_platform == 'win32'" },
]
sdist = { url = "https://files.pythonhosted.org/packages/6d/e4/901f54ee114a080371a49bd08fa688d301aaffd9751febaf4ae855fc8fcd/Django-5.1.6.tar.gz", hash = "sha256:1e39eafdd1b185e761d9fab7a9f0b9fa00af1b37b25ad980a8aa0dac13535690", size = 10700620 }
wheels = [
    { url = "https://files.pythonhosted.org/packages/75/6f/d2c216d00975e2604b10940937b0ba6b2c2d9b3cc0cc633e414ae3f14b2e/Django-5.1.6-py3-none-any.whl", hash = "sha256:8d203400bc2952fbfb287c2bbda630297d654920c72a73cc82a9ad7926feaad5", size = 8277066 },
]

[[package]]
name = "django-environ"
version = "0.12.0"
source = { registry = "https://pypi.org/simple" }
sdist = { url = "https://files.pythonhosted.org/packages/d6/04/65d2521842c42f4716225f20d8443a50804920606aec018188bbee30a6b0/django_environ-0.12.0.tar.gz", hash = "sha256:227dc891453dd5bde769c3449cf4a74b6f2ee8f7ab2361c93a07068f4179041a", size = 56804 }
wheels = [
    { url = "https://files.pythonhosted.org/packages/83/b3/0a3bec4ecbfee960f39b1842c2f91e4754251e0a6ed443db9fe3f666ba8f/django_environ-0.12.0-py2.py3-none-any.whl", hash = "sha256:92fb346a158abda07ffe6eb23135ce92843af06ecf8753f43adf9d2366dcc0ca", size = 19957 },
]

[[package]]
name = "granian"
version = "2.0.1"
source = { registry = "https://pypi.org/simple" }
dependencies = [
    { name = "click" },
]
sdist = { url = "https://files.pythonhosted.org/packages/a5/28/d6c242e9d38c168c01a15f846f1eb20550e7d9ba5579af683ae0b53b81a8/granian-2.0.1.tar.gz", hash = "sha256:6983cf9cbbf3286372db0a7f65e517cdf9b29b4be37bc5c24e0726448b49e436", size = 92357 }
wheels = [
    { url = "https://files.pythonhosted.org/packages/ff/51/026debd0629c73b34f188fd2db492cb57d955638e801e59733b6eb25373f/granian-2.0.1-cp312-cp312-macosx_10_12_x86_64.whl", hash = "sha256:b26db8932a9310f8b12b7b14e34468c3bd2b6eee938e9676552feb5b7b28a876", size = 2864760 },
    { url = "https://files.pythonhosted.org/packages/66/28/0ef80a8a57f3ff93515ff43f7e40a1266de901bff187f1e3418f5170de7d/granian-2.0.1-cp312-cp312-macosx_11_0_arm64.whl", hash = "sha256:8d0456b7aaeafc28cd578e0044f428eb3d163ee444dc64e814730cdbddb10647", size = 2640485 },
    { url = "https://files.pythonhosted.org/packages/d4/b5/1b5966b95def51be51284cd4a246d8082ecf170a147356e1baa0075e7ba1/granian-2.0.1-cp312-cp312-manylinux_2_17_aarch64.manylinux2014_aarch64.whl", hash = "sha256:a62121522148a219436a4cb78a2622695bc566d725ceded03f217be41cd31d18", size = 3001259 },
    { url = "https://files.pythonhosted.org/packages/b5/9a/aae3bafe6ae7ac7fe271b45555d15aa35ac91746a55b0db6604512f63654/granian-2.0.1-cp312-cp312-manylinux_2_17_x86_64.manylinux2014_x86_64.whl", hash = "sha256:1d8ddeb6c02d1aac8479c044ee5cb36f14cfec2dd145217d730b589c0c2677b5", size = 3071410 },
    { url = "https://files.pythonhosted.org/packages/17/89/34e5754eeb69543d2ae058ea5cd46b19e9291bb9f2776a4c52c49c9fb3b3/granian-2.0.1-cp312-cp312-musllinux_1_1_aarch64.whl", hash = "sha256:a374aee9d9496b3152ba0a643706dff959c3c126523c64211169bb6b9f26dcda", size = 2997773 },
    { url = "https://files.pythonhosted.org/packages/78/9a/2735c1ad89ca7c15b62ba4ec721f7e70a6e14fc64f86084ec6a8d0e1b167/granian-2.0.1-cp312-cp312-musllinux_1_1_x86_64.whl", hash = "sha256:bbe300e19ee2c7dc50951cbd5ae9ed108564a1a9fda6a4271a97b106b9cdad92", size = 3109508 },
    { url = "https://files.pythonhosted.org/packages/5c/f6/b9aa8ca918f55852f99b6606bf001f9df4e9b4c057389b4f67df95c84c3d/granian-2.0.1-cp312-cp312-win_amd64.whl", hash = "sha256:592ff1b2b08a51010c53cbe27ee68ed20fbeb0bf33567725c1332760a3a2c9f6", size = 2608170 },
    { url = "https://files.pythonhosted.org/packages/8d/2e/7c6ea9c7c6366d26f118497a07deb117a339f7761b72f5afc6a5d17bf6ec/granian-2.0.1-cp313-cp313-macosx_10_12_x86_64.whl", hash = "sha256:c3b2dc6fb5e3604327a62feb13cad9ae51776749de02503e7239dfd88b0d33bb", size = 2863990 },
    { url = "https://files.pythonhosted.org/packages/39/82/a96da3620bae518208d627cb68b2094168ef291da9049ba76261387b88a4/granian-2.0.1-cp313-cp313-macosx_11_0_arm64.whl", hash = "sha256:95e5b8272e3c0d722a1453dc60128ea06f4c3c3732aff021e7b61e3d8698e3ba", size = 2640148 },
    { url = "https://files.pythonhosted.org/packages/de/a6/43b4976f2fcf806986cbdddb8c272219f2c24ffcae4bee5a171c47552621/granian-2.0.1-cp313-cp313-manylinux_2_17_aarch64.manylinux2014_aarch64.whl", hash = "sha256:b140a8d5bb6ee13c88ab82a024fb898e04cd7f6783f76e6885fe4c4116e08b73", size = 3001259 },
    { url = "https://files.pythonhosted.org/packages/57/34/08d4ce2d9fc734f901ebae8af2a198c61013d73ea55dc34a76e576101f08/granian-2.0.1-cp313-cp313-manylinux_2_17_x86_64.manylinux2014_x86_64.whl", hash = "sha256:ba6bf35de4bc954b96f7c9e6d4ef14bb8322f73bdcae59efed1ad350a9571469", size = 3070879 },
    { url = "https://files.pythonhosted.org/packages/f7/88/dc6871111640ab19c25097baf553da4adf018cac614d08a4be132ba807e2/granian-2.0.1-cp313-cp313-musllinux_1_1_aarch64.whl", hash = "sha256:167e1e3f6ecc9e57acccfffb7f88f8be5fc548ef87b8bd1c10bb31afc97b9d8b", size = 2997440 },
    { url = "https://files.pythonhosted.org/packages/8f/ec/1fe31f285dec02cd5c5acdc4070cda7e54aa9cdb91df6af14c5174c74955/granian-2.0.1-cp313-cp313-musllinux_1_1_x86_64.whl", hash = "sha256:7da92df516ea6293aa5d1ee7810ab588c96738286bab7a763a8707589f9b0fef", size = 3109205 },
    { url = "https://files.pythonhosted.org/packages/09/1e/fc9f8a940386d0ac09958291229f6d56f62973d92c9c53cd3902bf2c5169/granian-2.0.1-cp313-cp313-win_amd64.whl", hash = "sha256:89b1aa4d14812bcb49366eefa3243d467d4dd4378afbbe63b8028a16445dd00d", size = 2607892 },
    { url = "https://files.pythonhosted.org/packages/f9/28/8edffdaaf057f04c23455b2ddc29fe3d21aec3118df4cd1c26ee662f7b4c/granian-2.0.1-cp313-cp313t-macosx_10_12_x86_64.whl", hash = "sha256:00537ab22a806de3e210c2256805a6b035e6df45331dc942205146d98f314a3f", size = 2811193 },
    { url = "https://files.pythonhosted.org/packages/30/b6/e68ddfe656799f4365d2854353c227bc1ec46290688e70acf34e7dab07c2/granian-2.0.1-cp313-cp313t-macosx_11_0_arm64.whl", hash = "sha256:d0e751d2f627eab06e9bfbe08b2cc5db6adf41b20097be010911f54106aeee0e", size = 2562638 },
    { url = "https://files.pythonhosted.org/packages/d2/f9/d3e4d1ec8dcce01fe1d7225fe89de1d89c0213d52fed1522cbf074814cdb/granian-2.0.1-cp313-cp313t-manylinux_2_17_aarch64.manylinux2014_aarch64.whl", hash = "sha256:e5993413072380be245106a3b10ea3030d59fbf802d08a2771443a9e85f370a2", size = 2831918 },
    { url = "https://files.pythonhosted.org/packages/26/f8/ed3319f7930fe25fd3a635c43f8009e90fcdb9d271825bf385d620fcac2d/granian-2.0.1-cp313-cp313t-manylinux_2_17_x86_64.manylinux2014_x86_64.whl", hash = "sha256:b3b764a09d0912855a0d137c3cc76ca49aeacc255b6a753d9db199bc8e014e18", size = 2929648 },
    { url = "https://files.pythonhosted.org/packages/b2/72/39c7345a93eb4f5ac9f3f55b4706e5fe1499c84cfa2d4163f96a9a0a829e/granian-2.0.1-cp313-cp313t-musllinux_1_1_aarch64.whl", hash = "sha256:d163f07dda6ce450f7111e9c36bca551b853fac8d95f9ff21807f69bfbc22b21", size = 2988090 },
    { url = "https://files.pythonhosted.org/packages/18/ad/5b8c917c485c1da7e1405c6ce869d571e13f5d948f22540118997bab4125/granian-2.0.1-cp313-cp313t-musllinux_1_1_x86_64.whl", hash = "sha256:01b7761f8aa0a7b0d975d6de4ad9d8dd567c8e5452be32f8d5e36b0fa13726b8", size = 3096139 },
    { url = "https://files.pythonhosted.org/packages/16/bf/5682b6aafda4361a1dd61cd18745dd483af761fc7c4234f159393aba129b/granian-2.0.1-cp313-cp313t-win_amd64.whl", hash = "sha256:7a634cbce5f50aa8eb4defbbac9c8aab2ac31d6e817b1f24048ff55465a188fc", size = 2604648 },
]

[[package]]
name = "psycopg2-binary"
version = "2.9.10"
source = { registry = "https://pypi.org/simple" }
sdist = { url = "https://files.pythonhosted.org/packages/cb/0e/bdc8274dc0585090b4e3432267d7be4dfbfd8971c0fa59167c711105a6bf/psycopg2-binary-2.9.10.tar.gz", hash = "sha256:4b3df0e6990aa98acda57d983942eff13d824135fe2250e6522edaa782a06de2", size = 385764 }
wheels = [
    { url = "https://files.pythonhosted.org/packages/49/7d/465cc9795cf76f6d329efdafca74693714556ea3891813701ac1fee87545/psycopg2_binary-2.9.10-cp312-cp312-macosx_12_0_x86_64.whl", hash = "sha256:880845dfe1f85d9d5f7c412efea7a08946a46894537e4e5d091732eb1d34d9a0", size = 3044771 },
    { url = "https://files.pythonhosted.org/packages/8b/31/6d225b7b641a1a2148e3ed65e1aa74fc86ba3fee850545e27be9e1de893d/psycopg2_binary-2.9.10-cp312-cp312-macosx_14_0_arm64.whl", hash = "sha256:9440fa522a79356aaa482aa4ba500b65f28e5d0e63b801abf6aa152a29bd842a", size = 3275336 },
    { url = "https://files.pythonhosted.org/packages/30/b7/a68c2b4bff1cbb1728e3ec864b2d92327c77ad52edcd27922535a8366f68/psycopg2_binary-2.9.10-cp312-cp312-manylinux_2_17_aarch64.manylinux2014_aarch64.whl", hash = "sha256:e3923c1d9870c49a2d44f795df0c889a22380d36ef92440ff618ec315757e539", size = 2851637 },
    { url = "https://files.pythonhosted.org/packages/0b/b1/cfedc0e0e6f9ad61f8657fd173b2f831ce261c02a08c0b09c652b127d813/psycopg2_binary-2.9.10-cp312-cp312-manylinux_2_17_i686.manylinux2014_i686.whl", hash = "sha256:7b2c956c028ea5de47ff3a8d6b3cc3330ab45cf0b7c3da35a2d6ff8420896526", size = 3082097 },
    { url = "https://files.pythonhosted.org/packages/18/ed/0a8e4153c9b769f59c02fb5e7914f20f0b2483a19dae7bf2db54b743d0d0/psycopg2_binary-2.9.10-cp312-cp312-manylinux_2_17_ppc64le.manylinux2014_ppc64le.whl", hash = "sha256:f758ed67cab30b9a8d2833609513ce4d3bd027641673d4ebc9c067e4d208eec1", size = 3264776 },
    { url = "https://files.pythonhosted.org/packages/10/db/d09da68c6a0cdab41566b74e0a6068a425f077169bed0946559b7348ebe9/psycopg2_binary-2.9.10-cp312-cp312-manylinux_2_17_x86_64.manylinux2014_x86_64.whl", hash = "sha256:8cd9b4f2cfab88ed4a9106192de509464b75a906462fb846b936eabe45c2063e", size = 3020968 },
    { url = "https://files.pythonhosted.org/packages/94/28/4d6f8c255f0dfffb410db2b3f9ac5218d959a66c715c34cac31081e19b95/psycopg2_binary-2.9.10-cp312-cp312-musllinux_1_2_aarch64.whl", hash = "sha256:6dc08420625b5a20b53551c50deae6e231e6371194fa0651dbe0fb206452ae1f", size = 2872334 },
    { url = "https://files.pythonhosted.org/packages/05/f7/20d7bf796593c4fea95e12119d6cc384ff1f6141a24fbb7df5a668d29d29/psycopg2_binary-2.9.10-cp312-cp312-musllinux_1_2_i686.whl", hash = "sha256:d7cd730dfa7c36dbe8724426bf5612798734bff2d3c3857f36f2733f5bfc7c00", size = 2822722 },
    { url = "https://files.pythonhosted.org/packages/4d/e4/0c407ae919ef626dbdb32835a03b6737013c3cc7240169843965cada2bdf/psycopg2_binary-2.9.10-cp312-cp312-musllinux_1_2_ppc64le.whl", hash = "sha256:155e69561d54d02b3c3209545fb08938e27889ff5a10c19de8d23eb5a41be8a5", size = 2920132 },
    { url = "https://files.pythonhosted.org/packages/2d/70/aa69c9f69cf09a01da224909ff6ce8b68faeef476f00f7ec377e8f03be70/psycopg2_binary-2.9.10-cp312-cp312-musllinux_1_2_x86_64.whl", hash = "sha256:c3cc28a6fd5a4a26224007712e79b81dbaee2ffb90ff406256158ec4d7b52b47", size = 2959312 },
    { url = "https://files.pythonhosted.org/packages/d3/bd/213e59854fafe87ba47814bf413ace0dcee33a89c8c8c814faca6bc7cf3c/psycopg2_binary-2.9.10-cp312-cp312-win32.whl", hash = "sha256:ec8a77f521a17506a24a5f626cb2aee7850f9b69a0afe704586f63a464f3cd64", size = 1025191 },
    { url = "https://files.pythonhosted.org/packages/92/29/06261ea000e2dc1e22907dbbc483a1093665509ea586b29b8986a0e56733/psycopg2_binary-2.9.10-cp312-cp312-win_amd64.whl", hash = "sha256:18c5ee682b9c6dd3696dad6e54cc7ff3a1a9020df6a5c0f861ef8bfd338c3ca0", size = 1164031 },
    { url = "https://files.pythonhosted.org/packages/3e/30/d41d3ba765609c0763505d565c4d12d8f3c79793f0d0f044ff5a28bf395b/psycopg2_binary-2.9.10-cp313-cp313-macosx_12_0_x86_64.whl", hash = "sha256:26540d4a9a4e2b096f1ff9cce51253d0504dca5a85872c7f7be23be5a53eb18d", size = 3044699 },
    { url = "https://files.pythonhosted.org/packages/35/44/257ddadec7ef04536ba71af6bc6a75ec05c5343004a7ec93006bee66c0bc/psycopg2_binary-2.9.10-cp313-cp313-macosx_14_0_arm64.whl", hash = "sha256:e217ce4d37667df0bc1c397fdcd8de5e81018ef305aed9415c3b093faaeb10fb", size = 3275245 },
    { url = "https://files.pythonhosted.org/packages/1b/11/48ea1cd11de67f9efd7262085588790a95d9dfcd9b8a687d46caf7305c1a/psycopg2_binary-2.9.10-cp313-cp313-manylinux_2_17_aarch64.manylinux2014_aarch64.whl", hash = "sha256:245159e7ab20a71d989da00f280ca57da7641fa2cdcf71749c193cea540a74f7", size = 2851631 },
    { url = "https://files.pythonhosted.org/packages/62/e0/62ce5ee650e6c86719d621a761fe4bc846ab9eff8c1f12b1ed5741bf1c9b/psycopg2_binary-2.9.10-cp313-cp313-manylinux_2_17_i686.manylinux2014_i686.whl", hash = "sha256:3c4ded1a24b20021ebe677b7b08ad10bf09aac197d6943bfe6fec70ac4e4690d", size = 3082140 },
    { url = "https://files.pythonhosted.org/packages/27/ce/63f946c098611f7be234c0dd7cb1ad68b0b5744d34f68062bb3c5aa510c8/psycopg2_binary-2.9.10-cp313-cp313-manylinux_2_17_ppc64le.manylinux2014_ppc64le.whl", hash = "sha256:3abb691ff9e57d4a93355f60d4f4c1dd2d68326c968e7db17ea96df3c023ef73", size = 3264762 },
    { url = "https://files.pythonhosted.org/packages/43/25/c603cd81402e69edf7daa59b1602bd41eb9859e2824b8c0855d748366ac9/psycopg2_binary-2.9.10-cp313-cp313-manylinux_2_17_x86_64.manylinux2014_x86_64.whl", hash = "sha256:8608c078134f0b3cbd9f89b34bd60a943b23fd33cc5f065e8d5f840061bd0673", size = 3020967 },
    { url = "https://files.pythonhosted.org/packages/5f/d6/8708d8c6fca531057fa170cdde8df870e8b6a9b136e82b361c65e42b841e/psycopg2_binary-2.9.10-cp313-cp313-musllinux_1_2_aarch64.whl", hash = "sha256:230eeae2d71594103cd5b93fd29d1ace6420d0b86f4778739cb1a5a32f607d1f", size = 2872326 },
    { url = "https://files.pythonhosted.org/packages/ce/ac/5b1ea50fc08a9df82de7e1771537557f07c2632231bbab652c7e22597908/psycopg2_binary-2.9.10-cp313-cp313-musllinux_1_2_i686.whl", hash = "sha256:bb89f0a835bcfc1d42ccd5f41f04870c1b936d8507c6df12b7737febc40f0909", size = 2822712 },
    { url = "https://files.pythonhosted.org/packages/c4/fc/504d4503b2abc4570fac3ca56eb8fed5e437bf9c9ef13f36b6621db8ef00/psycopg2_binary-2.9.10-cp313-cp313-musllinux_1_2_ppc64le.whl", hash = "sha256:f0c2d907a1e102526dd2986df638343388b94c33860ff3bbe1384130828714b1", size = 2920155 },
    { url = "https://files.pythonhosted.org/packages/b2/d1/323581e9273ad2c0dbd1902f3fb50c441da86e894b6e25a73c3fda32c57e/psycopg2_binary-2.9.10-cp313-cp313-musllinux_1_2_x86_64.whl", hash = "sha256:f8157bed2f51db683f31306aa497311b560f2265998122abe1dce6428bd86567", size = 2959356 },
    { url = "https://files.pythonhosted.org/packages/08/50/d13ea0a054189ae1bc21af1d85b6f8bb9bbc5572991055d70ad9006fe2d6/psycopg2_binary-2.9.10-cp313-cp313-win_amd64.whl", hash = "sha256:27422aa5f11fbcd9b18da48373eb67081243662f9b46e6fd07c3eb46e4535142", size = 2569224 },
]

[[package]]
name = "sqlparse"
version = "0.5.3"
source = { registry = "https://pypi.org/simple" }
sdist = { url = "https://files.pythonhosted.org/packages/e5/40/edede8dd6977b0d3da179a342c198ed100dd2aba4be081861ee5911e4da4/sqlparse-0.5.3.tar.gz", hash = "sha256:09f67787f56a0b16ecdbde1bfc7f5d9c3371ca683cfeaa8e6ff60b4807ec9272", size = 84999 }
wheels = [
    { url = "https://files.pythonhosted.org/packages/a9/5c/bfd6bd0bf979426d405cc6e71eceb8701b148b16c21d2dc3c261efc61c7b/sqlparse-0.5.3-py3-none-any.whl", hash = "sha256:cf2196ed3418f3ba5de6af7e82c694a9fbdbfecccdfc72e281548517081f16ca", size = 44415 },
]

[[package]]
name = "tzdata"
version = "2025.1"
source = { registry = "https://pypi.org/simple" }
sdist = { url = "https://files.pythonhosted.org/packages/43/0f/fa4723f22942480be4ca9527bbde8d43f6c3f2fe8412f00e7f5f6746bc8b/tzdata-2025.1.tar.gz", hash = "sha256:24894909e88cdb28bd1636c6887801df64cb485bd593f2fd83ef29075a81d694", size = 194950 }
wheels = [
    { url = "https://files.pythonhosted.org/packages/0f/dd/84f10e23edd882c6f968c21c2434fe67bd4a528967067515feca9e611e5e/tzdata-2025.1-py2.py3-none-any.whl", hash = "sha256:7e127113816800496f027041c570f50bcd464a020098a3b6b199517772303639", size = 346762 },
]
